
Microsoft Visual Studio Solution File, Format Version 12.00
# Visual Studio Version 17
VisualStudioVersion = 17.8.34309.116
MinimumVisualStudioVersion = 10.0.40219.1
Project("{FAE04EC0-301F-11D3-BF4B-00C04F79EFBC}") = "TestWebApp", "TestWebApp\TestWebApp.csproj", "{586A98B8-F013-4695-A6DC-4DC1D0F4573A}"
EndProject
Global
	GlobalSection(SolutionConfigurationPlatforms) = preSolution
		Debug|Any CPU = Debug|Any CPU
		Release|Any CPU = Release|Any CPU
	EndGlobalSection
	GlobalSection(ProjectConfigurationPlatforms) = postSolution
		{586A98B8-F013-4695-A6DC-4DC1D0F4573A}.Debug|Any CPU.ActiveCfg = Debug|Any CPU
		{586A98B8-F013-4695-A6DC-4DC1D0F4573A}.Debug|Any CPU.Build.0 = Debug|Any CPU
		{586A98B8-F013-4695-A6DC-4DC1D0F4573A}.Release|Any CPU.ActiveCfg = Release|Any CPU
		{586A98B8-F013-4695-A6DC-4DC1D0F4573A}.Release|Any CPU.Build.0 = Release|Any CPU
	EndGlobalSection
	GlobalSection(SolutionProperties) = preSolution
		HideSolutionNode = FALSE
	EndGlobalSection
	GlobalSection(ExtensibilityGlobals) = postSolution
		SolutionGuid = {99386E52-DA26-4ABB-8761-185385E99406}
	EndGlobalSection
EndGlobal
